
Microsoft Visual Studio Solution File, Format Version 12.00
# Visual Studio Version 16
VisualStudioVersion = 16.0.30804.86
MinimumVisualStudioVersion = 10.0.40219.1
Project("{9A19103F-16F7-4668-BE54-9A1E7A4F7556}") = "GameDemo", "GameDemo\GameDemo.csproj", "{F9A40D8B-C904-4CC2-B284-852FE1193416}"
EndProject
Global
	GlobalSection(SolutionConfigurationPlatforms) = preSolution
		Debug|Any CPU = Debug|Any CPU
		Release|Any CPU = Release|Any CPU
	EndGlobalSection
	GlobalSection(ProjectConfigurationPlatforms) = postSolution
		{F9A40D8B-C904-4CC2-B284-852FE1193416}.Debug|Any CPU.ActiveCfg = Debug|Any CPU
		{F9A40D8B-C904-4CC2-B284-852FE1193416}.Debug|Any CPU.Build.0 = Debug|Any CPU
		{F9A40D8B-C904-4CC2-B284-852FE1193416}.Release|Any CPU.ActiveCfg = Release|Any CPU
		{F9A40D8B-C904-4CC2-B284-852FE1193416}.Release|Any CPU.Build.0 = Release|Any CPU
	EndGlobalSection
	GlobalSection(SolutionProperties) = preSolution
		HideSolutionNode = FALSE
	EndGlobalSection
	GlobalSection(ExtensibilityGlobals) = postSolution
		SolutionGuid = {03D10CE7-5F8E-4EBE-A253-2E4EC0DC9507}
	EndGlobalSection
EndGlobal
